
Microsoft Visual Studio Solution File, Format Version 12.00
# Visual Studio Version 17
VisualStudioVersion = 17.0.32014.148
MinimumVisualStudioVersion = 10.0.40219.1
Project("{9A19103F-16F7-4668-BE54-9A1E7A4F7556}") = "chat client", "chat client.csproj", "{745305F2-5D4F-4222-9E59-F2DB790C95C3}"
EndProject
Project("{FAE04EC0-301F-11D3-BF4B-00C04F79EFBC}") = "ChatServer", "..\ChatServer\ChatServer.csproj", "{A0C3C82E-8898-4179-B518-360973FAC044}"
EndProject
Global
	GlobalSection(SolutionConfigurationPlatforms) = preSolution
		Debug|Any CPU = Debug|Any CPU
		Release|Any CPU = Release|Any CPU
	EndGlobalSection
	GlobalSection(ProjectConfigurationPlatforms) = postSolution
		{745305F2-5D4F-4222-9E59-F2DB790C95C3}.Debug|Any CPU.ActiveCfg = Debug|Any CPU
		{745305F2-5D4F-4222-9E59-F2DB790C95C3}.Debug|Any CPU.Build.0 = Debug|Any CPU
		{745305F2-5D4F-4222-9E59-F2DB790C95C3}.Release|Any CPU.ActiveCfg = Release|Any CPU
		{745305F2-5D4F-4222-9E59-F2DB790C95C3}.Release|Any CPU.Build.0 = Release|Any CPU
		{A0C3C82E-8898-4179-B518-360973FAC044}.Debug|Any CPU.ActiveCfg = Debug|Any CPU
		{A0C3C82E-8898-4179-B518-360973FAC044}.Debug|Any CPU.Build.0 = Debug|Any CPU
		{A0C3C82E-8898-4179-B518-360973FAC044}.Release|Any CPU.ActiveCfg = Release|Any CPU
		{A0C3C82E-8898-4179-B518-360973FAC044}.Release|Any CPU.Build.0 = Release|Any CPU
	EndGlobalSection
	GlobalSection(SolutionProperties) = preSolution
		HideSolutionNode = FALSE
	EndGlobalSection
	GlobalSection(ExtensibilityGlobals) = postSolution
		SolutionGuid = {C19B8AE2-1AEA-4F80-B8C0-9E8F520E839F}
	EndGlobalSection
EndGlobal
